<?xml version="1.0" encoding="utf-8"?>
<Project ToolsVersion="4.0" xmlns="http://schemas.microsoft.com/developer/msbuild/2003">
  <ItemGroup>
    <Filter Include="jni">
      <UniqueIdentifier>0b938525-feb2-4e69-a49a-db3900dadd68</UniqueIdentifier>
    </Filter>
    <Filter Include="res">
      <UniqueIdentifier>374cc0d4-1b50-426d-850d-8b3dad2cdd1a</UniqueIdentifier>
    </Filter>
    <Filter Include="res\values">
      <UniqueIdentifier>a949b130-9b80-4ed1-99d4-aeeff60a63ea</UniqueIdentifier>
    </Filter>
    <Filter Include="assets">
      <UniqueIdentifier>{7a898659-0672-4c20-b2c1-8afa7fbad6d2}</UniqueIdentifier>
    </Filter>
  </ItemGroup>
  <ItemGroup>
    <AndroidBuild Include="AndroidManifest.xml" />
    <AndroidBuild Include="res\values\strings.xml">
      <Filter>res\values</Filter>
    </AndroidBuild>
    <AndroidBuild Include="project.properties" />
    <AndroidBuild Include="build.xml" />
  </ItemGroup>
  <ItemGroup>
    <ClCompile Include="..\source\android_native_app_glue.c">
      <Filter>jni</Filter>
    </ClCompile>
    <ClCompile Include="..\source\AndroidVolumeRenderer.cpp">
      <Filter>jni</Filter>
    </ClCompile>
    <ClCompile Include="..\source\File.cpp">
      <Filter>jni</Filter>
    </ClCompile>
    <ClCompile Include="..\source\Volume.cpp">
      <Filter>jni</Filter>
    </ClCompile>
    <ClCompile Include="..\source\HelperFunctions.cpp">
      <Filter>jni</Filter>
    </ClCompile>
    <ClCompile Include="..\source\Mesh.cpp">
      <Filter>jni</Filter>
    </ClCompile>
    <ClCompile Include="..\source\Renderer.cpp">
      <Filter>jni</Filter>
    </ClCompile>
    <ClCompile Include="..\source\Shader.cpp">
      <Filter>jni</Filter>
    </ClCompile>
    <ClCompile Include="..\source\ShaderManager.cpp">
      <Filter>jni</Filter>
    </ClCompile>
    <ClCompile Include="..\source\SQTTransform.cpp">
      <Filter>jni</Filter>
    </ClCompile>
    <ClCompile Include="..\source\Timer.cpp">
      <Filter>jni</Filter>
    </ClCompile>
    <ClCompile Include="..\source\tinyxml2.cpp">
      <Filter>jni</Filter>
    </ClCompile>
    <ClCompile Include="..\source\TransferFunction.cpp">
      <Filter>jni</Filter>
    </ClCompile>
    <ClCompile Include="..\source\Camera.cpp">
      <Filter>jni</Filter>
    </ClCompile>
    <ClCompile Include="..\source\perfMonitor.cpp">
      <Filter>jni</Filter>
    </ClCompile>
    <ClCompile Include="..\source\AndroidRenderer.cpp">
      <Filter>jni</Filter>
    </ClCompile>
  </ItemGroup>
  <ItemGroup>
    <ClInclude Include="..\source\android_native_app_glue.h">
      <Filter>jni</Filter>
    </ClInclude>
    <ClInclude Include="..\source\Common.h">
      <Filter>jni</Filter>
    </ClInclude>
    <ClInclude Include="..\source\File.h">
      <Filter>jni</Filter>
    </ClInclude>
    <ClInclude Include="..\source\Volume.h">
      <Filter>jni</Filter>
    </ClInclude>
    <ClInclude Include="..\source\Camera.h">
      <Filter>jni</Filter>
    </ClInclude>
    <ClInclude Include="..\source\HelperFunctions.h">
      <Filter>jni</Filter>
    </ClInclude>
    <ClInclude Include="..\source\Mesh.h">
      <Filter>jni</Filter>
    </ClInclude>
    <ClInclude Include="..\source\Renderer.h">
      <Filter>jni</Filter>
    </ClInclude>
    <ClInclude Include="..\source\Shader.h">
      <Filter>jni</Filter>
    </ClInclude>
    <ClInclude Include="..\source\ShaderManager.h">
      <Filter>jni</Filter>
    </ClInclude>
    <ClInclude Include="..\source\SQTTransform.h">
      <Filter>jni</Filter>
    </ClInclude>
    <ClInclude Include="..\source\Timer.h">
      <Filter>jni</Filter>
    </ClInclude>
    <ClInclude Include="..\source\tinyxml2.h">
      <Filter>jni</Filter>
    </ClInclude>
    <ClInclude Include="..\source\TransferFunction.h">
      <Filter>jni</Filter>
    </ClInclude>
    <ClInclude Include="..\source\perfMonitor.h">
      <Filter>jni</Filter>
    </ClInclude>
    <ClInclude Include="..\source\InitHeader.h">
      <Filter>jni</Filter>
    </ClInclude>
    <ClInclude Include="..\source\AndroidRenderer.h">
      <Filter>jni</Filter>
    </ClInclude>
  </ItemGroup>
  <ItemGroup>
    <None Include="..\source\Application.mk">
      <Filter>jni</Filter>
    </None>
    <None Include="..\source\Android.mk">
      <Filter>jni</Filter>
    </None>
    <None Include="assets\helloworld.txt" />
  </ItemGroup>
</Project>