<?xml version="1.0" encoding="utf-8"?>
<Project ToolsVersion="4.0" xmlns="http://schemas.microsoft.com/developer/msbuild/2003">
  <ItemGroup>
    <Filter Include="Source Files">
      <UniqueIdentifier>{4b6e8516-dcc8-485f-bd6f-d90de1ae50ca}</UniqueIdentifier>
    </Filter>
    <Filter Include="imported libs">
      <UniqueIdentifier>{55cc6b18-aa13-4b7c-ba12-22f22238039f}</UniqueIdentifier>
    </Filter>
    <Filter Include="Cuda">
      <UniqueIdentifier>{b5ca438f-45e1-4bed-8392-534d9bfa0ea4}</UniqueIdentifier>
    </Filter>
  </ItemGroup>
  <ItemGroup>
    <ClCompile Include="..\source\Camera.cpp">
      <Filter>Source Files</Filter>
    </ClCompile>
    <ClCompile Include="..\source\File.cpp">
      <Filter>Source Files</Filter>
    </ClCompile>
    <ClCompile Include="..\source\GLFWRenderer.cpp">
      <Filter>Source Files</Filter>
    </ClCompile>
    <ClCompile Include="..\source\HelperFunctions.cpp">
      <Filter>Source Files</Filter>
    </ClCompile>
    <ClCompile Include="..\source\Mesh.cpp">
      <Filter>Source Files</Filter>
    </ClCompile>
    <ClCompile Include="..\source\Renderer.cpp">
      <Filter>Source Files</Filter>
    </ClCompile>
    <ClCompile Include="..\source\ShaderManager.cpp">
      <Filter>Source Files</Filter>
    </ClCompile>
    <ClCompile Include="..\source\Shader.cpp">
      <Filter>Source Files</Filter>
    </ClCompile>
    <ClCompile Include="..\source\SQTTransform.cpp">
      <Filter>Source Files</Filter>
    </ClCompile>
    <ClCompile Include="..\source\Timer.cpp">
      <Filter>Source Files</Filter>
    </ClCompile>
    <ClCompile Include="..\source\TransferFunction.cpp">
      <Filter>Source Files</Filter>
    </ClCompile>
    <ClCompile Include="..\source\Volume.cpp">
      <Filter>Source Files</Filter>
    </ClCompile>
    <ClCompile Include="..\source\WindowsVolumeRenderer.cpp">
      <Filter>Source Files</Filter>
    </ClCompile>
    <ClCompile Include="..\source\tinyxml2.cpp">
      <Filter>imported libs</Filter>
    </ClCompile>
  </ItemGroup>
  <ItemGroup>
    <ClInclude Include="..\source\Camera.h">
      <Filter>Source Files</Filter>
    </ClInclude>
    <ClInclude Include="..\source\File.h">
      <Filter>Source Files</Filter>
    </ClInclude>
    <ClInclude Include="..\source\Common.h">
      <Filter>Source Files</Filter>
    </ClInclude>
    <ClInclude Include="..\source\GLFWRenderer.h">
      <Filter>Source Files</Filter>
    </ClInclude>
    <ClInclude Include="..\source\HelperFunctions.h">
      <Filter>Source Files</Filter>
    </ClInclude>
    <ClInclude Include="..\source\InitHeader.h">
      <Filter>Source Files</Filter>
    </ClInclude>
    <ClInclude Include="..\source\Mesh.h">
      <Filter>Source Files</Filter>
    </ClInclude>
    <ClInclude Include="..\source\Renderer.h">
      <Filter>Source Files</Filter>
    </ClInclude>
    <ClInclude Include="..\source\ShaderManager.h">
      <Filter>Source Files</Filter>
    </ClInclude>
    <ClInclude Include="..\source\Shader.h">
      <Filter>Source Files</Filter>
    </ClInclude>
    <ClInclude Include="..\source\SQTTransform.h">
      <Filter>Source Files</Filter>
    </ClInclude>
    <ClInclude Include="..\source\Timer.h">
      <Filter>Source Files</Filter>
    </ClInclude>
    <ClInclude Include="..\source\TransferFunction.h">
      <Filter>Source Files</Filter>
    </ClInclude>
    <ClInclude Include="..\source\Volume.h">
      <Filter>Source Files</Filter>
    </ClInclude>
    <ClInclude Include="..\source\tinyxml2.h">
      <Filter>imported libs</Filter>
    </ClInclude>
  </ItemGroup>
  <ItemGroup>
    <CudaCompile Include="..\source\cuda_volume_renderer.cu">
      <Filter>Cuda</Filter>
    </CudaCompile>
  </ItemGroup>
</Project>